
Microsoft Visual Studio Solution File, Format Version 12.00
# Visual Studio Version 17
VisualStudioVersion = 17.9.34616.47
MinimumVisualStudioVersion = 10.0.40219.1
Project("{8BC9CEB8-8B4A-11D0-8D11-00A0C91BC942}") = "P2P_Messenger_(INFO2_PROJ)", "P2P_Messenger_(INFO2_PROJ)\P2P_Messenger_(INFO2_PROJ).vcxproj", "{B2035EA6-6C30-475E-B708-F28706D8BF7A}"
EndProject
Global
	GlobalSection(SolutionConfigurationPlatforms) = preSolution
		Debug|x64 = Debug|x64
		Debug|x86 = Debug|x86
		Release|x64 = Release|x64
		Release|x86 = Release|x86
	EndGlobalSection
	GlobalSection(ProjectConfigurationPlatforms) = postSolution
		{B2035EA6-6C30-475E-B708-F28706D8BF7A}.Debug|x64.ActiveCfg = Debug|x64
		{B2035EA6-6C30-475E-B708-F28706D8BF7A}.Debug|x64.Build.0 = Debug|x64
		{B2035EA6-6C30-475E-B708-F28706D8BF7A}.Debug|x86.ActiveCfg = Debug|Win32
		{B2035EA6-6C30-475E-B708-F28706D8BF7A}.Debug|x86.Build.0 = Debug|Win32
		{B2035EA6-6C30-475E-B708-F28706D8BF7A}.Release|x64.ActiveCfg = Release|x64
		{B2035EA6-6C30-475E-B708-F28706D8BF7A}.Release|x64.Build.0 = Release|x64
		{B2035EA6-6C30-475E-B708-F28706D8BF7A}.Release|x86.ActiveCfg = Release|Win32
		{B2035EA6-6C30-475E-B708-F28706D8BF7A}.Release|x86.Build.0 = Release|Win32
	EndGlobalSection
	GlobalSection(SolutionProperties) = preSolution
		HideSolutionNode = FALSE
	EndGlobalSection
	GlobalSection(ExtensibilityGlobals) = postSolution
		SolutionGuid = {F0FDBE8E-9F79-4439-B0D7-7536B268185E}
	EndGlobalSection
EndGlobal
